
Microsoft Visual Studio Solution File, Format Version 12.00
# Visual Studio Version 16
VisualStudioVersion = 16.0.30114.105
MinimumVisualStudioVersion = 10.0.40219.1
Project("{FAE04EC0-301F-11D3-BF4B-00C04F79EFBC}") = "GUI", "Cinema2\GUI.csproj", "{88F70CEE-4BA3-4049-BAEF-5E9715F52AA7}"
EndProject
Global
	GlobalSection(SolutionConfigurationPlatforms) = preSolution
		Debug|Any CPU = Debug|Any CPU
		Release|Any CPU = Release|Any CPU
	EndGlobalSection
	GlobalSection(ProjectConfigurationPlatforms) = postSolution
		{88F70CEE-4BA3-4049-BAEF-5E9715F52AA7}.Debug|Any CPU.ActiveCfg = Debug|Any CPU
		{88F70CEE-4BA3-4049-BAEF-5E9715F52AA7}.Debug|Any CPU.Build.0 = Debug|Any CPU
		{88F70CEE-4BA3-4049-BAEF-5E9715F52AA7}.Release|Any CPU.ActiveCfg = Release|Any CPU
		{88F70CEE-4BA3-4049-BAEF-5E9715F52AA7}.Release|Any CPU.Build.0 = Release|Any CPU
	EndGlobalSection
	GlobalSection(SolutionProperties) = preSolution
		HideSolutionNode = FALSE
	EndGlobalSection
	GlobalSection(ExtensibilityGlobals) = postSolution
		SolutionGuid = {C1D0A88B-0BCC-491D-B82E-27160D34A06B}
	EndGlobalSection
EndGlobal
